
Microsoft Visual Studio Solution File, Format Version 12.00
# Visual Studio Version 16
VisualStudioVersion = 16.0.29201.188
MinimumVisualStudioVersion = 10.0.40219.1
Project("{FAE04EC0-301F-11D3-BF4B-00C04F79EFBC}") = "API", "API\API.csproj", "{BA95BC01-584F-4805-A46C-D11350DCEC36}"
EndProject
Project("{FAE04EC0-301F-11D3-BF4B-00C04F79EFBC}") = "BAL", "BAL\BAL.csproj", "{C712F629-9621-4592-AA80-87B92E8576FE}"
EndProject
Project("{FAE04EC0-301F-11D3-BF4B-00C04F79EFBC}") = "DAL", "DAL\DAL.csproj", "{27C1EC59-F8DE-4F29-898C-88226EAB0E59}"
EndProject
Project("{FAE04EC0-301F-11D3-BF4B-00C04F79EFBC}") = "MVC", "MVC\MVC.csproj", "{FA091E51-0E50-4720-AC08-4C5AA11E148A}"
EndProject
Global
	GlobalSection(SolutionConfigurationPlatforms) = preSolution
		Debug|Any CPU = Debug|Any CPU
		Release|Any CPU = Release|Any CPU
	EndGlobalSection
	GlobalSection(ProjectConfigurationPlatforms) = postSolution
		{BA95BC01-584F-4805-A46C-D11350DCEC36}.Debug|Any CPU.ActiveCfg = Debug|Any CPU
		{BA95BC01-584F-4805-A46C-D11350DCEC36}.Debug|Any CPU.Build.0 = Debug|Any CPU
		{BA95BC01-584F-4805-A46C-D11350DCEC36}.Release|Any CPU.ActiveCfg = Release|Any CPU
		{BA95BC01-584F-4805-A46C-D11350DCEC36}.Release|Any CPU.Build.0 = Release|Any CPU
		{C712F629-9621-4592-AA80-87B92E8576FE}.Debug|Any CPU.ActiveCfg = Debug|Any CPU
		{C712F629-9621-4592-AA80-87B92E8576FE}.Debug|Any CPU.Build.0 = Debug|Any CPU
		{C712F629-9621-4592-AA80-87B92E8576FE}.Release|Any CPU.ActiveCfg = Release|Any CPU
		{C712F629-9621-4592-AA80-87B92E8576FE}.Release|Any CPU.Build.0 = Release|Any CPU
		{27C1EC59-F8DE-4F29-898C-88226EAB0E59}.Debug|Any CPU.ActiveCfg = Debug|Any CPU
		{27C1EC59-F8DE-4F29-898C-88226EAB0E59}.Debug|Any CPU.Build.0 = Debug|Any CPU
		{27C1EC59-F8DE-4F29-898C-88226EAB0E59}.Release|Any CPU.ActiveCfg = Release|Any CPU
		{27C1EC59-F8DE-4F29-898C-88226EAB0E59}.Release|Any CPU.Build.0 = Release|Any CPU
		{FA091E51-0E50-4720-AC08-4C5AA11E148A}.Debug|Any CPU.ActiveCfg = Debug|Any CPU
		{FA091E51-0E50-4720-AC08-4C5AA11E148A}.Debug|Any CPU.Build.0 = Debug|Any CPU
		{FA091E51-0E50-4720-AC08-4C5AA11E148A}.Release|Any CPU.ActiveCfg = Release|Any CPU
		{FA091E51-0E50-4720-AC08-4C5AA11E148A}.Release|Any CPU.Build.0 = Release|Any CPU
	EndGlobalSection
	GlobalSection(SolutionProperties) = preSolution
		HideSolutionNode = FALSE
	EndGlobalSection
	GlobalSection(ExtensibilityGlobals) = postSolution
		SolutionGuid = {CBE887A5-84ED-4D76-9944-C5D9706AAA90}
	EndGlobalSection
EndGlobal
